
Microsoft Visual Studio Solution File, Format Version 12.00
# Visual Studio 15
VisualStudioVersion = 15.0.26403.7
MinimumVisualStudioVersion = 10.0.40219.1
Project("{FAE04EC0-301F-11D3-BF4B-00C04F79EFBC}") = "NT.DataStructures", "NT.DataStructures\NT.DataStructures.csproj", "{93873006-274C-418A-A31B-1FCD0ABF3CCF}"
EndProject
Project("{FAE04EC0-301F-11D3-BF4B-00C04F79EFBC}") = "NT.AlgorithmsT", "NT.AlgorithmsT\NT.AlgorithmsT.csproj", "{0956ACA6-C584-4F91-B0FC-8EE94211C2EF}"
EndProject
Project("{FAE04EC0-301F-11D3-BF4B-00C04F79EFBC}") = "ConsoleApp", "ConsoleApp\ConsoleApp.csproj", "{D3BED4A5-31D6-4A07-A0EB-8794CAD371A9}"
EndProject
Project("{FAE04EC0-301F-11D3-BF4B-00C04F79EFBC}") = "NT.AlgorithmsT.Tests", "NT.AlgorithmsT.Tests\NT.AlgorithmsT.Tests.csproj", "{979CFAE0-16AF-4512-B0E9-BDD43FC663A4}"
EndProject
Project("{FAE04EC0-301F-11D3-BF4B-00C04F79EFBC}") = "NT.DataStructures.Tests", "NT.DataStructures.Tests\NT.DataStructures.Tests.csproj", "{00B69B18-DDC2-43D6-906F-532D3FC3DE9C}"
EndProject
Global
	GlobalSection(SolutionConfigurationPlatforms) = preSolution
		Debug|Any CPU = Debug|Any CPU
		Release|Any CPU = Release|Any CPU
	EndGlobalSection
	GlobalSection(ProjectConfigurationPlatforms) = postSolution
		{93873006-274C-418A-A31B-1FCD0ABF3CCF}.Debug|Any CPU.ActiveCfg = Debug|Any CPU
		{93873006-274C-418A-A31B-1FCD0ABF3CCF}.Debug|Any CPU.Build.0 = Debug|Any CPU
		{93873006-274C-418A-A31B-1FCD0ABF3CCF}.Release|Any CPU.ActiveCfg = Release|Any CPU
		{93873006-274C-418A-A31B-1FCD0ABF3CCF}.Release|Any CPU.Build.0 = Release|Any CPU
		{0956ACA6-C584-4F91-B0FC-8EE94211C2EF}.Debug|Any CPU.ActiveCfg = Debug|Any CPU
		{0956ACA6-C584-4F91-B0FC-8EE94211C2EF}.Debug|Any CPU.Build.0 = Debug|Any CPU
		{0956ACA6-C584-4F91-B0FC-8EE94211C2EF}.Release|Any CPU.ActiveCfg = Release|Any CPU
		{0956ACA6-C584-4F91-B0FC-8EE94211C2EF}.Release|Any CPU.Build.0 = Release|Any CPU
		{D3BED4A5-31D6-4A07-A0EB-8794CAD371A9}.Debug|Any CPU.ActiveCfg = Debug|Any CPU
		{D3BED4A5-31D6-4A07-A0EB-8794CAD371A9}.Debug|Any CPU.Build.0 = Debug|Any CPU
		{D3BED4A5-31D6-4A07-A0EB-8794CAD371A9}.Release|Any CPU.ActiveCfg = Release|Any CPU
		{D3BED4A5-31D6-4A07-A0EB-8794CAD371A9}.Release|Any CPU.Build.0 = Release|Any CPU
		{979CFAE0-16AF-4512-B0E9-BDD43FC663A4}.Debug|Any CPU.ActiveCfg = Debug|Any CPU
		{979CFAE0-16AF-4512-B0E9-BDD43FC663A4}.Debug|Any CPU.Build.0 = Debug|Any CPU
		{979CFAE0-16AF-4512-B0E9-BDD43FC663A4}.Release|Any CPU.ActiveCfg = Release|Any CPU
		{979CFAE0-16AF-4512-B0E9-BDD43FC663A4}.Release|Any CPU.Build.0 = Release|Any CPU
		{00B69B18-DDC2-43D6-906F-532D3FC3DE9C}.Debug|Any CPU.ActiveCfg = Debug|Any CPU
		{00B69B18-DDC2-43D6-906F-532D3FC3DE9C}.Debug|Any CPU.Build.0 = Debug|Any CPU
		{00B69B18-DDC2-43D6-906F-532D3FC3DE9C}.Release|Any CPU.ActiveCfg = Release|Any CPU
		{00B69B18-DDC2-43D6-906F-532D3FC3DE9C}.Release|Any CPU.Build.0 = Release|Any CPU
	EndGlobalSection
	GlobalSection(SolutionProperties) = preSolution
		HideSolutionNode = FALSE
	EndGlobalSection
EndGlobal
